
Microsoft Visual Studio Solution File, Format Version 12.00
# Visual Studio 14
VisualStudioVersion = 14.0.25123.0
MinimumVisualStudioVersion = 10.0.40219.1
Project("{2150E333-8FDC-42A3-9474-1A3956D46DE8}") = "001_Classes", "001_Classes", "{12DAA042-4C68-4A71-B9C5-DD45DA1C9D33}"
EndProject
Project("{2150E333-8FDC-42A3-9474-1A3956D46DE8}") = "002_Classes", "002_Classes", "{912B5C2A-4536-45D8-9DC4-3E2854EA52C6}"
EndProject
Project("{2150E333-8FDC-42A3-9474-1A3956D46DE8}") = "003_Inheritance", "003_Inheritance", "{62627B30-C227-4435-ABD5-636F19809BDB}"
EndProject
Project("{2150E333-8FDC-42A3-9474-1A3956D46DE8}") = "004_Abstraction", "004_Abstraction", "{54C08052-E6B5-477B-AC21-1D6878ABCCBC}"
EndProject
Project("{2150E333-8FDC-42A3-9474-1A3956D46DE8}") = "005_Arrays(Indexers)", "005_Arrays(Indexers)", "{D4A935F1-C252-4314-BA7A-87F77B8EAB63}"
EndProject
Project("{2150E333-8FDC-42A3-9474-1A3956D46DE8}") = "006_StaticClasses", "006_StaticClasses", "{52545A99-DC8E-4A72-9B34-0EA3F28B79DE}"
EndProject
Project("{2150E333-8FDC-42A3-9474-1A3956D46DE8}") = "007_Structures", "007_Structures", "{58E92507-ADB2-470D-ADC3-F887772FD347}"
EndProject
Project("{2150E333-8FDC-42A3-9474-1A3956D46DE8}") = "008_Structures", "008_Structures", "{0D87EDCB-FFB3-47E4-BF35-FA2F9B7A3BF3}"
EndProject
Project("{2150E333-8FDC-42A3-9474-1A3956D46DE8}") = "009_Delegates", "009_Delegates", "{4B72E472-20EC-47F5-B4F8-B4C8CB53041C}"
EndProject
Project("{2150E333-8FDC-42A3-9474-1A3956D46DE8}") = "010_Generics", "010_Generics", "{2DBC665E-EE73-4E0F-867F-53279EA31E99}"
EndProject
Project("{2150E333-8FDC-42A3-9474-1A3956D46DE8}") = "011_Generics(Constraints)", "011_Generics(Constraints)", "{0B23E930-CDF7-45AA-9FF6-778616D55D35}"
EndProject
Project("{2150E333-8FDC-42A3-9474-1A3956D46DE8}") = "012_Events", "012_Events", "{8261947D-BD4D-47AA-945A-606239DF2A27}"
EndProject
Project("{2150E333-8FDC-42A3-9474-1A3956D46DE8}") = "013_Threads", "013_Threads", "{0EB9CA36-5D7D-4A29-BB0B-D8C5DBA8B1C0}"
EndProject
Project("{2150E333-8FDC-42A3-9474-1A3956D46DE8}") = "014_Collections", "014_Collections", "{8E47C5A8-DA76-4B6E-9874-14BAD856B879}"
EndProject
Project("{2150E333-8FDC-42A3-9474-1A3956D46DE8}") = "015_Exceptions", "015_Exceptions", "{8517D47F-4F92-4D88-BCE3-C763C191FE59}"
EndProject
Project("{2150E333-8FDC-42A3-9474-1A3956D46DE8}") = "016_Operators", "016_Operators", "{26D0407D-222F-4D1A-A05C-93A7E6DFE6D0}"
EndProject
Project("{2150E333-8FDC-42A3-9474-1A3956D46DE8}") = "017_Linq", "017_Linq", "{9C52C6F9-E280-44AA-9E1F-14211FF474FE}"
EndProject
Project("{2150E333-8FDC-42A3-9474-1A3956D46DE8}") = "018_Namespaces", "018_Namespaces", "{0F3209C7-BFF3-44F1-B5FA-5CFBF7D1E877}"
EndProject
Project("{FAE04EC0-301F-11D3-BF4B-00C04F79EFBC}") = "Converter", "Converter\Converter.csproj", "{D0FFE4E9-FC8D-4589-94CE-D9A7B0142EC0}"
EndProject
Project("{FAE04EC0-301F-11D3-BF4B-00C04F79EFBC}") = "Employee", "Employee\Employee.csproj", "{86126C99-D6E3-453B-BF7C-8650F5EF1775}"
EndProject
Project("{FAE04EC0-301F-11D3-BF4B-00C04F79EFBC}") = "Invoice", "Invoice\Invoice.csproj", "{945AD596-581F-48B0-A5E0-9F60B4A100B4}"
EndProject
Project("{FAE04EC0-301F-11D3-BF4B-00C04F79EFBC}") = "Classroom", "Classroom\Classroom.csproj", "{44539E32-EFBB-4562-B536-3606A02FCF25}"
EndProject
Project("{FAE04EC0-301F-11D3-BF4B-00C04F79EFBC}") = "Vehicle", "Vehicle\Vehicle.csproj", "{C23C48A5-0E04-41B6-A0E8-C58FCAF6F172}"
EndProject
Project("{FAE04EC0-301F-11D3-BF4B-00C04F79EFBC}") = "DocumentWorker", "DocumentWorker\DocumentWorker.csproj", "{3F686323-0C44-4806-B54A-75340A483ECD}"
EndProject
Project("{FAE04EC0-301F-11D3-BF4B-00C04F79EFBC}") = "AbstractHandler", "AbstractHandler\AbstractHandler.csproj", "{5C48B434-1018-4084-9D4E-0E694A7D0199}"
EndProject
Project("{FAE04EC0-301F-11D3-BF4B-00C04F79EFBC}") = "Player", "Player\Player.csproj", "{5E3FB9D3-7315-4B27-B37F-1FDBE71DA7B9}"
EndProject
Project("{FAE04EC0-301F-11D3-BF4B-00C04F79EFBC}") = "Array", "Array\Array.csproj", "{14E11F04-0602-4FA9-AACD-67B811528828}"
EndProject
Project("{FAE04EC0-301F-11D3-BF4B-00C04F79EFBC}") = "MyMatrix", "MyMatrix\MyMatrix.csproj", "{4071BDD3-7F89-4714-8CDE-F7966709FD9C}"
EndProject
Project("{FAE04EC0-301F-11D3-BF4B-00C04F79EFBC}") = "Article", "Article\Article.csproj", "{BB467F4F-AEA3-4DF2-AC81-CDDDAC38275F}"
EndProject
Project("{2150E333-8FDC-42A3-9474-1A3956D46DE8}") = "019_Test", "019_Test", "{7B022059-8F7A-4992-8DF2-1B1D2D524F41}"
EndProject
Global
	GlobalSection(SolutionConfigurationPlatforms) = preSolution
		Debug|Any CPU = Debug|Any CPU
		Release|Any CPU = Release|Any CPU
	EndGlobalSection
	GlobalSection(ProjectConfigurationPlatforms) = postSolution
		{D0FFE4E9-FC8D-4589-94CE-D9A7B0142EC0}.Debug|Any CPU.ActiveCfg = Debug|Any CPU
		{D0FFE4E9-FC8D-4589-94CE-D9A7B0142EC0}.Debug|Any CPU.Build.0 = Debug|Any CPU
		{D0FFE4E9-FC8D-4589-94CE-D9A7B0142EC0}.Release|Any CPU.ActiveCfg = Release|Any CPU
		{D0FFE4E9-FC8D-4589-94CE-D9A7B0142EC0}.Release|Any CPU.Build.0 = Release|Any CPU
		{86126C99-D6E3-453B-BF7C-8650F5EF1775}.Debug|Any CPU.ActiveCfg = Debug|Any CPU
		{86126C99-D6E3-453B-BF7C-8650F5EF1775}.Debug|Any CPU.Build.0 = Debug|Any CPU
		{86126C99-D6E3-453B-BF7C-8650F5EF1775}.Release|Any CPU.ActiveCfg = Release|Any CPU
		{86126C99-D6E3-453B-BF7C-8650F5EF1775}.Release|Any CPU.Build.0 = Release|Any CPU
		{945AD596-581F-48B0-A5E0-9F60B4A100B4}.Debug|Any CPU.ActiveCfg = Debug|Any CPU
		{945AD596-581F-48B0-A5E0-9F60B4A100B4}.Debug|Any CPU.Build.0 = Debug|Any CPU
		{945AD596-581F-48B0-A5E0-9F60B4A100B4}.Release|Any CPU.ActiveCfg = Release|Any CPU
		{945AD596-581F-48B0-A5E0-9F60B4A100B4}.Release|Any CPU.Build.0 = Release|Any CPU
		{44539E32-EFBB-4562-B536-3606A02FCF25}.Debug|Any CPU.ActiveCfg = Debug|Any CPU
		{44539E32-EFBB-4562-B536-3606A02FCF25}.Debug|Any CPU.Build.0 = Debug|Any CPU
		{44539E32-EFBB-4562-B536-3606A02FCF25}.Release|Any CPU.ActiveCfg = Release|Any CPU
		{44539E32-EFBB-4562-B536-3606A02FCF25}.Release|Any CPU.Build.0 = Release|Any CPU
		{C23C48A5-0E04-41B6-A0E8-C58FCAF6F172}.Debug|Any CPU.ActiveCfg = Debug|Any CPU
		{C23C48A5-0E04-41B6-A0E8-C58FCAF6F172}.Debug|Any CPU.Build.0 = Debug|Any CPU
		{C23C48A5-0E04-41B6-A0E8-C58FCAF6F172}.Release|Any CPU.ActiveCfg = Release|Any CPU
		{C23C48A5-0E04-41B6-A0E8-C58FCAF6F172}.Release|Any CPU.Build.0 = Release|Any CPU
		{3F686323-0C44-4806-B54A-75340A483ECD}.Debug|Any CPU.ActiveCfg = Debug|Any CPU
		{3F686323-0C44-4806-B54A-75340A483ECD}.Debug|Any CPU.Build.0 = Debug|Any CPU
		{3F686323-0C44-4806-B54A-75340A483ECD}.Release|Any CPU.ActiveCfg = Release|Any CPU
		{3F686323-0C44-4806-B54A-75340A483ECD}.Release|Any CPU.Build.0 = Release|Any CPU
		{5C48B434-1018-4084-9D4E-0E694A7D0199}.Debug|Any CPU.ActiveCfg = Debug|Any CPU
		{5C48B434-1018-4084-9D4E-0E694A7D0199}.Debug|Any CPU.Build.0 = Debug|Any CPU
		{5C48B434-1018-4084-9D4E-0E694A7D0199}.Release|Any CPU.ActiveCfg = Release|Any CPU
		{5C48B434-1018-4084-9D4E-0E694A7D0199}.Release|Any CPU.Build.0 = Release|Any CPU
		{5E3FB9D3-7315-4B27-B37F-1FDBE71DA7B9}.Debug|Any CPU.ActiveCfg = Debug|Any CPU
		{5E3FB9D3-7315-4B27-B37F-1FDBE71DA7B9}.Debug|Any CPU.Build.0 = Debug|Any CPU
		{5E3FB9D3-7315-4B27-B37F-1FDBE71DA7B9}.Release|Any CPU.ActiveCfg = Release|Any CPU
		{5E3FB9D3-7315-4B27-B37F-1FDBE71DA7B9}.Release|Any CPU.Build.0 = Release|Any CPU
		{14E11F04-0602-4FA9-AACD-67B811528828}.Debug|Any CPU.ActiveCfg = Debug|Any CPU
		{14E11F04-0602-4FA9-AACD-67B811528828}.Debug|Any CPU.Build.0 = Debug|Any CPU
		{14E11F04-0602-4FA9-AACD-67B811528828}.Release|Any CPU.ActiveCfg = Release|Any CPU
		{14E11F04-0602-4FA9-AACD-67B811528828}.Release|Any CPU.Build.0 = Release|Any CPU
		{4071BDD3-7F89-4714-8CDE-F7966709FD9C}.Debug|Any CPU.ActiveCfg = Debug|Any CPU
		{4071BDD3-7F89-4714-8CDE-F7966709FD9C}.Debug|Any CPU.Build.0 = Debug|Any CPU
		{4071BDD3-7F89-4714-8CDE-F7966709FD9C}.Release|Any CPU.ActiveCfg = Release|Any CPU
		{4071BDD3-7F89-4714-8CDE-F7966709FD9C}.Release|Any CPU.Build.0 = Release|Any CPU
		{BB467F4F-AEA3-4DF2-AC81-CDDDAC38275F}.Debug|Any CPU.ActiveCfg = Debug|Any CPU
		{BB467F4F-AEA3-4DF2-AC81-CDDDAC38275F}.Debug|Any CPU.Build.0 = Debug|Any CPU
		{BB467F4F-AEA3-4DF2-AC81-CDDDAC38275F}.Release|Any CPU.ActiveCfg = Release|Any CPU
		{BB467F4F-AEA3-4DF2-AC81-CDDDAC38275F}.Release|Any CPU.Build.0 = Release|Any CPU
	EndGlobalSection
	GlobalSection(SolutionProperties) = preSolution
		HideSolutionNode = FALSE
	EndGlobalSection
	GlobalSection(NestedProjects) = preSolution
		{D0FFE4E9-FC8D-4589-94CE-D9A7B0142EC0} = {912B5C2A-4536-45D8-9DC4-3E2854EA52C6}
		{86126C99-D6E3-453B-BF7C-8650F5EF1775} = {912B5C2A-4536-45D8-9DC4-3E2854EA52C6}
		{945AD596-581F-48B0-A5E0-9F60B4A100B4} = {912B5C2A-4536-45D8-9DC4-3E2854EA52C6}
		{44539E32-EFBB-4562-B536-3606A02FCF25} = {62627B30-C227-4435-ABD5-636F19809BDB}
		{C23C48A5-0E04-41B6-A0E8-C58FCAF6F172} = {62627B30-C227-4435-ABD5-636F19809BDB}
		{3F686323-0C44-4806-B54A-75340A483ECD} = {62627B30-C227-4435-ABD5-636F19809BDB}
		{5C48B434-1018-4084-9D4E-0E694A7D0199} = {54C08052-E6B5-477B-AC21-1D6878ABCCBC}
		{5E3FB9D3-7315-4B27-B37F-1FDBE71DA7B9} = {54C08052-E6B5-477B-AC21-1D6878ABCCBC}
		{14E11F04-0602-4FA9-AACD-67B811528828} = {D4A935F1-C252-4314-BA7A-87F77B8EAB63}
		{4071BDD3-7F89-4714-8CDE-F7966709FD9C} = {D4A935F1-C252-4314-BA7A-87F77B8EAB63}
		{BB467F4F-AEA3-4DF2-AC81-CDDDAC38275F} = {D4A935F1-C252-4314-BA7A-87F77B8EAB63}
	EndGlobalSection
EndGlobal
